<Solution>
  <Folder Name="/Application/">
    <Project Path="Application/Reporting.Application.csproj" />
  </Folder>
  <Folder Name="/Domain/">
    <Project Path="Domain/Reporting.Domain.csproj" />
  </Folder>
  <Folder Name="/Infrastructure/">
    <Project Path="Infrastructure/Reporting.Infrastructure.csproj" />
  </Folder>
  <Folder Name="/WebApi/">
    <Project Path="WebApi/Reporting.WebApi.csproj" />
  </Folder>
</Solution>
