<Solution>
  <Folder Name="/Application/">
    <Project Path="Application/PreBudget.Application.csproj" />
  </Folder>
  <Folder Name="/Domain/">
    <Project Path="Domain/PreBudget.Domain.csproj" />
  </Folder>
  <Folder Name="/Infrastructure/">
    <Project Path="Infrastructure/PreBudget.Infrastructure.csproj" />
  </Folder>
  <Folder Name="/WebApi/">
    <Project Path="WebApi/PreBudget.WebApi.csproj" />
  </Folder>
</Solution>
