<Solution>
  <Folder Name="/Application/">
    <Project Path="Application/MobilePhone.Application.csproj" />
  </Folder>
  <Folder Name="/Domain/">
    <Project Path="Domain/MobilePhone.Domain.csproj" />
  </Folder>
  <Folder Name="/Infrastructure/">
    <Project Path="Infrastructure/MobilePhone.Infrastructure.csproj" />
  </Folder>
  <Folder Name="/WebApi/">
    <Project Path="WebApi/MobilePhone.WebApi.csproj" />
  </Folder>
</Solution>
